<Solution>
  <Folder Name="/src/">
    <Project Path="src/Perch.Core/Perch.Core.csproj" />
    <Project Path="src/Perch.Platform.Windows/Perch.Platform.Windows.csproj" />
    <Project Path="src/Perch.Platform.Mac/Perch.Platform.Mac.csproj" />
    <Project Path="src/Perch.App/Perch.App.csproj" />
  </Folder>
  <Folder Name="/tests/">
    <Project Path="tests/Perch.Tests/Perch.Tests.csproj" />
  </Folder>
</Solution>
